[[package]]
name = "altgraph"
version = "0.17"
description = "Python graph (network) package"
category = "dev"
optional = false
python-versions = "*"

[[package]]
name = "english-words"
version = "1.0.3"
description = "Contains sets of English words"
category = "main"
optional = false
python-versions = "*"

[[package]]
name = "future"
version = "0.18.2"
description = "Clean single-source support for Python 3 and 2"
category = "dev"
optional = false
python-versions = ">=2.6, !=3.0.*, !=3.1.*, !=3.2.*"

[[package]]
name = "macholib"
version = "1.14"
description = "Mach-O header analysis and editing"
category = "dev"
optional = false
python-versions = "*"

[package.dependencies]
altgraph = ">=0.15"

[[package]]
name = "pefile"
version = "2019.4.18"
description = "Python PE parsing module"
category = "dev"
optional = false
python-versions = "*"

[package.dependencies]
future = "*"

[[package]]
name = "pyinstaller"
version = "4.2"
description = "PyInstaller bundles a Python application and all its dependencies into a single package."
category = "dev"
optional = false
python-versions = ">=3.5"

[package.dependencies]
altgraph = "*"
macholib = {version = ">=1.8", markers = "sys_platform == \"darwin\""}
pefile = {version = ">=2017.8.1", markers = "sys_platform == \"win32\""}
pyinstaller-hooks-contrib = ">=2020.6"
pywin32-ctypes = {version = ">=0.2.0", markers = "sys_platform == \"win32\""}

[package.extras]
encryption = ["tinyaes (>=1.0.0)"]
hook_testing = ["pytest (>=2.7.3)", "execnet (>=1.5.0)", "psutil"]

[[package]]
name = "pyinstaller-hooks-contrib"
version = "2020.11"
description = "Community maintained hooks for PyInstaller"
category = "dev"
optional = false
python-versions = "*"

[[package]]
name = "pyside6"
version = "6.0.1"
description = "Python bindings for the Qt cross-platform application and UI framework"
category = "main"
optional = false
python-versions = ">=3.6, <3.10"

[package.dependencies]
shiboken6 = "6.0.1"

[[package]]
name = "pywin32-ctypes"
version = "0.2.0"
description = ""
category = "dev"
optional = false
python-versions = "*"

[[package]]
name = "shiboken6"
version = "6.0.1"
description = "Python / C++ bindings helper module"
category = "main"
optional = false
python-versions = ">=3.6, <3.10"

[metadata]
lock-version = "1.1"
python-versions = ">=3.8, <3.10"
content-hash = "636c76c2fe92495e0f8b0e960e3b6e3275a027ddc220856d45cfd0f096449dde"

[metadata.files]
altgraph = [
    {file = "altgraph-0.17-py2.py3-none-any.whl", hash = "sha256:c623e5f3408ca61d4016f23a681b9adb100802ca3e3da5e718915a9e4052cebe"},
    {file = "altgraph-0.17.tar.gz", hash = "sha256:1f05a47122542f97028caf78775a095fbe6a2699b5089de8477eb583167d69aa"},
]
english-words = [
    {file = "english-words-1.0.3.tar.gz", hash = "sha256:e936ba237455e16a89b877660c0e160852e54de682ad553d79083dbb7b10b345"},
]
future = [
    {file = "future-0.18.2.tar.gz", hash = "sha256:b1bead90b70cf6ec3f0710ae53a525360fa360d306a86583adc6bf83a4db537d"},
]
macholib = [
    {file = "macholib-1.14-py2.py3-none-any.whl", hash = "sha256:c500f02867515e6c60a27875b408920d18332ddf96b4035ef03beddd782d4281"},
    {file = "macholib-1.14.tar.gz", hash = "sha256:0c436bc847e7b1d9bda0560351bf76d7caf930fb585a828d13608839ef42c432"},
]
pefile = [
    {file = "pefile-2019.4.18.tar.gz", hash = "sha256:a5d6e8305c6b210849b47a6174ddf9c452b2888340b8177874b862ba6c207645"},
]
pyinstaller = [
    {file = "pyinstaller-4.2.tar.gz", hash = "sha256:f5c0eeb2aa663cce9a5404292c0195011fa500a6501c873a466b2e8cad3c950c"},
]
pyinstaller-hooks-contrib = [
    {file = "pyinstaller-hooks-contrib-2020.11.tar.gz", hash = "sha256:fc3290a2ca337d1d58c579c223201360bfe74caed6454eaf5a2550b77dbda45c"},
    {file = "pyinstaller_hooks_contrib-2020.11-py2.py3-none-any.whl", hash = "sha256:fa8280b79d8a2b267a2e43ff44f73b3e4a68fc8d205b8d34e8e06c960f7c2fcf"},
]
pyside6 = [
    {file = "PySide6-6.0.1-6.0.1-cp36.cp37.cp38.cp39-abi3-macosx_10_14_x86_64.whl", hash = "sha256:2d0300bb76a8f04f78682c50dbb3cd10cf42d5381648fc9bbe119cd911488df6"},
    {file = "PySide6-6.0.1-6.0.1-cp36.cp37.cp38.cp39-abi3-macosx_10_15_x86_64.whl", hash = "sha256:0084af53498ecc319b7efba4075cdde2f58afa047658363fd88edfe213b2139f"},
    {file = "PySide6-6.0.1-6.0.1-cp36.cp37.cp38.cp39-abi3-manylinux1_x86_64.whl", hash = "sha256:4a7ebd61d446e8200ace93390b2aeacc7ea20ccbafe9d0cd8d31899d63c9183a"},
    {file = "PySide6-6.0.1-6.0.1-cp36.cp37.cp38.cp39-none-win_amd64.whl", hash = "sha256:e589af836ba5f2a50926baf906c85d7e030995d918ae8949b31fe6325641d68b"},
]
pywin32-ctypes = [
    {file = "pywin32-ctypes-0.2.0.tar.gz", hash = "sha256:24ffc3b341d457d48e8922352130cf2644024a4ff09762a2261fd34c36ee5942"},
    {file = "pywin32_ctypes-0.2.0-py2.py3-none-any.whl", hash = "sha256:9dc2d991b3479cc2df15930958b674a48a227d5361d413827a4cfd0b5876fc98"},
]
shiboken6 = [
    {file = "shiboken6-6.0.1-6.0.1-cp36.cp37.cp38.cp39-abi3-macosx_10_14_x86_64.whl", hash = "sha256:1989a330d2fb343651fe1664166cfa485fefbdac7e40a69c6268f019fb7df1d8"},
    {file = "shiboken6-6.0.1-6.0.1-cp36.cp37.cp38.cp39-abi3-macosx_10_15_x86_64.whl", hash = "sha256:dabf96d7d15323b7ec9377d9014a9e55c5a31e0a9e76e1bcd4d4242d4be5b8ce"},
    {file = "shiboken6-6.0.1-6.0.1-cp36.cp37.cp38.cp39-abi3-manylinux1_x86_64.whl", hash = "sha256:7a4190d579d2df0a5d5d888b1c1ec2255aedf2e985899c5a51164ba6246e4372"},
    {file = "shiboken6-6.0.1-6.0.1-cp36.cp37.cp38.cp39-none-win_amd64.whl", hash = "sha256:3f7fdbc096a44fdbd5f2eca9082299e3be7c79333b41491611cc9e13763df748"},
]
